
Microsoft Visual Studio Solution File, Format Version 12.00
# Visual Studio Version 16
VisualStudioVersion = 16.0.31605.320
MinimumVisualStudioVersion = 10.0.40219.1
Project("{9A19103F-16F7-4668-BE54-9A1E7A4F7556}") = "ConsoleAppOOPWorkShop", "ConsoleAppOOPWorkShop\ConsoleAppOOPWorkShop.csproj", "{52C4CEBD-9DB9-4F53-85D8-BE70F26A1282}"
EndProject
Project("{FAE04EC0-301F-11D3-BF4B-00C04F79EFBC}") = "ConsoleAppOOPWorkShop.Tests", "ConsoleAppOOPWorkShop.Tests\ConsoleAppOOPWorkShop.Tests.csproj", "{A6672588-793E-49AC-94C1-976424689240}"
EndProject
Global
	GlobalSection(SolutionConfigurationPlatforms) = preSolution
		Debug|Any CPU = Debug|Any CPU
		Release|Any CPU = Release|Any CPU
	EndGlobalSection
	GlobalSection(ProjectConfigurationPlatforms) = postSolution
		{52C4CEBD-9DB9-4F53-85D8-BE70F26A1282}.Debug|Any CPU.ActiveCfg = Debug|Any CPU
		{52C4CEBD-9DB9-4F53-85D8-BE70F26A1282}.Debug|Any CPU.Build.0 = Debug|Any CPU
		{52C4CEBD-9DB9-4F53-85D8-BE70F26A1282}.Release|Any CPU.ActiveCfg = Release|Any CPU
		{52C4CEBD-9DB9-4F53-85D8-BE70F26A1282}.Release|Any CPU.Build.0 = Release|Any CPU
		{A6672588-793E-49AC-94C1-976424689240}.Debug|Any CPU.ActiveCfg = Debug|Any CPU
		{A6672588-793E-49AC-94C1-976424689240}.Debug|Any CPU.Build.0 = Debug|Any CPU
		{A6672588-793E-49AC-94C1-976424689240}.Release|Any CPU.ActiveCfg = Release|Any CPU
		{A6672588-793E-49AC-94C1-976424689240}.Release|Any CPU.Build.0 = Release|Any CPU
	EndGlobalSection
	GlobalSection(SolutionProperties) = preSolution
		HideSolutionNode = FALSE
	EndGlobalSection
	GlobalSection(ExtensibilityGlobals) = postSolution
		SolutionGuid = {B2235973-47AF-4B4E-97FF-6399D3992289}
	EndGlobalSection
EndGlobal
